
Microsoft Visual Studio Solution File, Format Version 12.00
# Visual Studio 15
VisualStudioVersion = 15.0.28307.645
MinimumVisualStudioVersion = 10.0.40219.1
Project("{FAE04EC0-301F-11D3-BF4B-00C04F79EFBC}") = "stank-utilities", "Source\stank-utilities\stank-utilities.csproj", "{3298844C-90C4-4C7F-B5F0-C0A58B4EC32E}"
EndProject
Global
	GlobalSection(SolutionConfigurationPlatforms) = preSolution
		Editor|Any CPU = Editor|Any CPU
		Release|Any CPU = Release|Any CPU
	EndGlobalSection
	GlobalSection(ProjectConfigurationPlatforms) = postSolution
		{3298844C-90C4-4C7F-B5F0-C0A58B4EC32E}.Editor|Any CPU.ActiveCfg = Editor|Any CPU
		{3298844C-90C4-4C7F-B5F0-C0A58B4EC32E}.Editor|Any CPU.Build.0 = Editor|Any CPU
		{3298844C-90C4-4C7F-B5F0-C0A58B4EC32E}.Release|Any CPU.ActiveCfg = Release|Any CPU
		{3298844C-90C4-4C7F-B5F0-C0A58B4EC32E}.Release|Any CPU.Build.0 = Release|Any CPU
	EndGlobalSection
	GlobalSection(SolutionProperties) = preSolution
		HideSolutionNode = FALSE
	EndGlobalSection
	GlobalSection(ExtensibilityGlobals) = postSolution
		SolutionGuid = {1177C032-0682-4EFE-9983-92A4E24B3A57}
	EndGlobalSection
EndGlobal
